{
    "_meta": {
        "hash": {
            "sha256": "5ad866d2301a1ca5f313ed11378972a1d0686579d4ed877f22ac529fe6e41f32"
        },
        "pipfile-spec": 6,
        "requires": {
            "python_version": "3.10"
        },
        "sources": [
            {
                "name": "pypi",
                "url": "https://pypi.org/simple",
                "verify_ssl": true
            }
        ]
    },
    "default": {
        "peewee": {
            "hashes": [
                "sha256:12b30e931193bc37b11f7c2ac646e3f67125a8b1a543ad6ab37ad124c8df7d16"
            ],
            "index": "pypi",
            "version": "==3.16.3"
        },
        "pymysql": {
            "hashes": [
                "sha256:4f13a7df8bf36a51e81dd9f3605fede45a4878fe02f9236349fd82a3f0612f96",
                "sha256:8969ec6d763c856f7073c4c64662882675702efcb114b4bcbb955aea3a069fa7"
            ],
            "index": "pypi",
            "version": "==1.1.0"
        }
    },
    "develop": {}
}
